
Microsoft Visual Studio Solution File, Format Version 12.00
# Visual Studio 15
VisualStudioVersion = 15.0.28307.136
MinimumVisualStudioVersion = 10.0.40219.1
Project("{9A19103F-16F7-4668-BE54-9A1E7A4F7556}") = "Sample01", "Sample01\Sample01.csproj", "{6F157FEA-C365-4BB4-8C61-F70A0FAD1C46}"
EndProject
Project("{FAE04EC0-301F-11D3-BF4B-00C04F79EFBC}") = "WebApiSwaggerTest", "WebApiSwaggerTest\WebApiSwaggerTest.csproj", "{AFC377A1-26AF-4BCA-A4D3-D38F3517A217}"
EndProject
Global
	GlobalSection(SolutionConfigurationPlatforms) = preSolution
		Debug|Any CPU = Debug|Any CPU
		Release|Any CPU = Release|Any CPU
	EndGlobalSection
	GlobalSection(ProjectConfigurationPlatforms) = postSolution
		{6F157FEA-C365-4BB4-8C61-F70A0FAD1C46}.Debug|Any CPU.ActiveCfg = Debug|Any CPU
		{6F157FEA-C365-4BB4-8C61-F70A0FAD1C46}.Debug|Any CPU.Build.0 = Debug|Any CPU
		{6F157FEA-C365-4BB4-8C61-F70A0FAD1C46}.Release|Any CPU.ActiveCfg = Release|Any CPU
		{6F157FEA-C365-4BB4-8C61-F70A0FAD1C46}.Release|Any CPU.Build.0 = Release|Any CPU
		{AFC377A1-26AF-4BCA-A4D3-D38F3517A217}.Debug|Any CPU.ActiveCfg = Debug|Any CPU
		{AFC377A1-26AF-4BCA-A4D3-D38F3517A217}.Debug|Any CPU.Build.0 = Debug|Any CPU
		{AFC377A1-26AF-4BCA-A4D3-D38F3517A217}.Release|Any CPU.ActiveCfg = Release|Any CPU
		{AFC377A1-26AF-4BCA-A4D3-D38F3517A217}.Release|Any CPU.Build.0 = Release|Any CPU
	EndGlobalSection
	GlobalSection(SolutionProperties) = preSolution
		HideSolutionNode = FALSE
	EndGlobalSection
	GlobalSection(ExtensibilityGlobals) = postSolution
		SolutionGuid = {DDC29F79-5CC5-471C-8363-A87347AE7463}
	EndGlobalSection
EndGlobal
